
Microsoft Visual Studio Solution File, Format Version 12.00
# Visual Studio Version 16
VisualStudioVersion = 16.0.29025.244
MinimumVisualStudioVersion = 10.0.40219.1
Project("{FAE04EC0-301F-11D3-BF4B-00C04F79EFBC}") = "DotNetAppV1", "DotNetAppV1\DotNetAppV1.csproj", "{1FF43A53-3794-4BF2-BE88-79A160A07BE4}"
EndProject
Global
	GlobalSection(SolutionConfigurationPlatforms) = preSolution
		Debug|Any CPU = Debug|Any CPU
		Release|Any CPU = Release|Any CPU
	EndGlobalSection
	GlobalSection(ProjectConfigurationPlatforms) = postSolution
		{1FF43A53-3794-4BF2-BE88-79A160A07BE4}.Debug|Any CPU.ActiveCfg = Debug|Any CPU
		{1FF43A53-3794-4BF2-BE88-79A160A07BE4}.Debug|Any CPU.Build.0 = Debug|Any CPU
		{1FF43A53-3794-4BF2-BE88-79A160A07BE4}.Release|Any CPU.ActiveCfg = Release|Any CPU
		{1FF43A53-3794-4BF2-BE88-79A160A07BE4}.Release|Any CPU.Build.0 = Release|Any CPU
	EndGlobalSection
	GlobalSection(SolutionProperties) = preSolution
		HideSolutionNode = FALSE
	EndGlobalSection
	GlobalSection(ExtensibilityGlobals) = postSolution
		SolutionGuid = {56F263D7-CBDC-452B-B8F6-E43C4669A432}
	EndGlobalSection
EndGlobal
